
Microsoft Visual Studio Solution File, Format Version 12.00
# Visual Studio Version 17
VisualStudioVersion = 17.9.34616.47
MinimumVisualStudioVersion = 10.0.40219.1
Project("{9A19103F-16F7-4668-BE54-9A1E7A4F7556}") = "AzureOpenAI_Task", "AzureOpenAI_Task2\AzureOpenAI_Task.csproj", "{A5BBFF51-9E42-4635-8062-6CFE9EFB91DF}"
EndProject
Project("{2150E333-8FDC-42A3-9474-1A3956D46DE8}") = "Solution Items", "Solution Items", "{4D6F2DCA-7A85-4F33-835F-E316F5B9B3D1}"
	ProjectSection(SolutionItems) = preProject
		.editorconfig = .editorconfig
	EndProjectSection
EndProject
Global
	GlobalSection(SolutionConfigurationPlatforms) = preSolution
		Debug|Any CPU = Debug|Any CPU
		Release|Any CPU = Release|Any CPU
	EndGlobalSection
	GlobalSection(ProjectConfigurationPlatforms) = postSolution
		{A5BBFF51-9E42-4635-8062-6CFE9EFB91DF}.Debug|Any CPU.ActiveCfg = Debug|Any CPU
		{A5BBFF51-9E42-4635-8062-6CFE9EFB91DF}.Debug|Any CPU.Build.0 = Debug|Any CPU
		{A5BBFF51-9E42-4635-8062-6CFE9EFB91DF}.Release|Any CPU.ActiveCfg = Release|Any CPU
		{A5BBFF51-9E42-4635-8062-6CFE9EFB91DF}.Release|Any CPU.Build.0 = Release|Any CPU
	EndGlobalSection
	GlobalSection(SolutionProperties) = preSolution
		HideSolutionNode = FALSE
	EndGlobalSection
	GlobalSection(ExtensibilityGlobals) = postSolution
		SolutionGuid = {7D216746-535E-4BB3-80A2-D9239621980A}
	EndGlobalSection
EndGlobal
